// !$*UTF8*$!
{
	archiveVersion = 1;
	classes = {
	};
	objectVersion = 46;
	objects = {

/* Begin PBXBuildFile section */
		3BB2C2391995969D002053CE /* AppDelegate.swift in Sources */ = {isa = PBXBuildFile; fileRef = 3BB2C2381995969D002053CE /* AppDelegate.swift */; };
		3BB2C23B1995969D002053CE /* ViewController.swift in Sources */ = {isa = PBXBuildFile; fileRef = 3BB2C23A1995969D002053CE /* ViewController.swift */; };
		3BB2C23E1995969D002053CE /* Main.storyboard in Resources */ = {isa = PBXBuildFile; fileRef = 3BB2C23C1995969D002053CE /* Main.storyboard */; };
		3BB2C2401995969D002053CE /* Images.xcassets in Resources */ = {isa = PBXBuildFile; fileRef = 3BB2C23F1995969D002053CE /* Images.xcassets */; };
		3BB2C24C1995969D002053CE /* TipCalculatorTests.swift in Sources */ = {isa = PBXBuildFile; fileRef = 3BB2C24B1995969D002053CE /* TipCalculatorTests.swift */; };
		3BB2C2561995981B002053CE /* TipCalculatorModel.swift in Sources */ = {isa = PBXBuildFile; fileRef = 3BB2C2551995981B002053CE /* TipCalculatorModel.swift */; };
/* End PBXBuildFile section */

/* Begin PBXContainerItemProxy section */
		3BB2C2461995969D002053CE /* PBXContainerItemProxy */ = {
			isa = PBXContainerItemProxy;
			containerPortal = 3BB2C22B1995969D002053CE /* Project object */;
			proxyType = 1;
			remoteGlobalIDString = 3BB2C2321995969D002053CE;
			remoteInfo = TipCalculator;
		};
/* End PBXContainerItemProxy section */

/* Begin PBXFileReference section */
		3BB2C2331995969D002053CE /* TipCalculator.app */ = {isa = PBXFileReference; explicitFileType = wrapper.application; includeInIndex = 0; path = TipCalculator.app; sourceTree = BUILT_PRODUCTS_DIR; };
		3BB2C2371995969D002053CE /* Info.plist */ = {isa = PBXFileReference; lastKnownFileType = text.plist.xml; path = Info.plist; sourceTree = "<group>"; };
		3BB2C2381995969D002053CE /* AppDelegate.swift */ = {isa = PBXFileReference; lastKnownFileType = sourcecode.swift; path = AppDelegate.swift; sourceTree = "<group>"; };
		3BB2C23A1995969D002053CE /* ViewController.swift */ = {isa = PBXFileReference; lastKnownFileType = sourcecode.swift; path = ViewController.swift; sourceTree = "<group>"; };
		3BB2C23D1995969D002053CE /* Base */ = {isa = PBXFileReference; lastKnownFileType = file.storyboard; name = Base; path = Base.lproj/Main.storyboard; sourceTree = "<group>"; };
		3BB2C23F1995969D002053CE /* Images.xcassets */ = {isa = PBXFileReference; lastKnownFileType = folder.assetcatalog; path = Images.xcassets; sourceTree = "<group>"; };
		3BB2C2451995969D002053CE /* TipCalculatorTests.xctest */ = {isa = PBXFileReference; explicitFileType = wrapper.cfbundle; includeInIndex = 0; path = TipCalculatorTests.xctest; sourceTree = BUILT_PRODUCTS_DIR; };
		3BB2C24A1995969D002053CE /* Info.plist */ = {isa = PBXFileReference; lastKnownFileType = text.plist.xml; path = Info.plist; sourceTree = "<group>"; };
		3BB2C24B1995969D002053CE /* TipCalculatorTests.swift */ = {isa = PBXFileReference; lastKnownFileType = sourcecode.swift; path = TipCalculatorTests.swift; sourceTree = "<group>"; };
		3BB2C2551995981B002053CE /* TipCalculatorModel.swift */ = {isa = PBXFileReference; fileEncoding = 4; lastKnownFileType = sourcecode.swift; path = TipCalculatorModel.swift; sourceTree = "<group>"; };
/* End PBXFileReference section */

/* Begin PBXFrameworksBuildPhase section */
		3BB2C2301995969D002053CE /* Frameworks */ = {
			isa = PBXFrameworksBuildPhase;
			buildActionMask = 2147483647;
			files = (
			);
			runOnlyForDeploymentPostprocessing = 0;
		};
		3BB2C2421995969D002053CE /* Frameworks */ = {
			isa = PBXFrameworksBuildPhase;
			buildActionMask = 2147483647;
			files = (
			);
			runOnlyForDeploymentPostprocessing = 0;
		};
/* End PBXFrameworksBuildPhase section */

/* Begin PBXGroup section */
		3BB2C22A1995969D002053CE = {
			isa = PBXGroup;
			children = (
				3BB2C2551995981B002053CE /* TipCalculatorModel.swift */,
				3BB2C2351995969D002053CE /* TipCalculator */,
				3BB2C2481995969D002053CE /* TipCalculatorTests */,
				3BB2C2341995969D002053CE /* Products */,
			);
			sourceTree = "<group>";
		};
		3BB2C2341995969D002053CE /* Products */ = {
			isa = PBXGroup;
			children = (
				3BB2C2331995969D002053CE /* TipCalculator.app */,
				3BB2C2451995969D002053CE /* TipCalculatorTests.xctest */,
			);
			name = Products;
			sourceTree = "<group>";
		};
		3BB2C2351995969D002053CE /* TipCalculator */ = {
			isa = PBXGroup;
			children = (
				3BB2C2381995969D002053CE /* AppDelegate.swift */,
				3BB2C23A1995969D002053CE /* ViewController.swift */,
				3BB2C23C1995969D002053CE /* Main.storyboard */,
				3BB2C23F1995969D002053CE /* Images.xcassets */,
				3BB2C2361995969D002053CE /* Supporting Files */,
			);
			path = TipCalculator;
			sourceTree = "<group>";
		};
		3BB2C2361995969D002053CE /* Supporting Files */ = {
			isa = PBXGroup;
			children = (
				3BB2C2371995969D002053CE /* Info.plist */,
			);
			name = "Supporting Files";
			sourceTree = "<group>";
		};
		3BB2C2481995969D002053CE /* TipCalculatorTests */ = {
			isa = PBXGroup;
			children = (
				3BB2C24B1995969D002053CE /* TipCalculatorTests.swift */,
				3BB2C2491995969D002053CE /* Supporting Files */,
			);
			path = TipCalculatorTests;
			sourceTree = "<group>";
		};
		3BB2C2491995969D002053CE /* Supporting Files */ = {
			isa = PBXGroup;
			children = (
				3BB2C24A1995969D002053CE /* Info.plist */,
			);
			name = "Supporting Files";
			sourceTree = "<group>";
		};
/* End PBXGroup section */

/* Begin PBXNativeTarget section */
		3BB2C2321995969D002053CE /* TipCalculator */ = {
			isa = PBXNativeTarget;
			buildConfigurationList = 3BB2C24F1995969D002053CE /* Build configuration list for PBXNativeTarget "TipCalculator" */;
			buildPhases = (
				3BB2C22F1995969D002053CE /* Sources */,
				3BB2C2301995969D002053CE /* Frameworks */,
				3BB2C2311995969D002053CE /* Resources */,
			);
			buildRules = (
			);
			dependencies = (
			);
			name = TipCalculator;
			productName = TipCalculator;
			productReference = 3BB2C2331995969D002053CE /* TipCalculator.app */;
			productType = "com.apple.product-type.application";
		};
		3BB2C2441995969D002053CE /* TipCalculatorTests */ = {
			isa = PBXNativeTarget;
			buildConfigurationList = 3BB2C2521995969D002053CE /* Build configuration list for PBXNativeTarget "TipCalculatorTests" */;
			buildPhases = (
				3BB2C2411995969D002053CE /* Sources */,
				3BB2C2421995969D002053CE /* Frameworks */,
				3BB2C2431995969D002053CE /* Resources */,
			);
			buildRules = (
			);
			dependencies = (
				3BB2C2471995969D002053CE /* PBXTargetDependency */,
			);
			name = TipCalculatorTests;
			productName = TipCalculatorTests;
			productReference = 3BB2C2451995969D002053CE /* TipCalculatorTests.xctest */;
			productType = "com.apple.product-type.bundle.unit-test";
		};
/* End PBXNativeTarget section */

/* Begin PBXProject section */
		3BB2C22B1995969D002053CE /* Project object */ = {
			isa = PBXProject;
			attributes = {
				LastUpgradeCheck = 0600;
				ORGANIZATIONNAME = "Christopher Sherman";
				TargetAttributes = {
					3BB2C2321995969D002053CE = {
						CreatedOnToolsVersion = 6.0;
					};
					3BB2C2441995969D002053CE = {
						CreatedOnToolsVersion = 6.0;
						TestTargetID = 3BB2C2321995969D002053CE;
					};
				};
			};
			buildConfigurationList = 3BB2C22E1995969D002053CE /* Build configuration list for PBXProject "TipCalculator" */;
			compatibilityVersion = "Xcode 3.2";
			developmentRegion = English;
			hasScannedForEncodings = 0;
			knownRegions = (
				en,
				Base,
			);
			mainGroup = 3BB2C22A1995969D002053CE;
			productRefGroup = 3BB2C2341995969D002053CE /* Products */;
			projectDirPath = "";
			projectRoot = "";
			targets = (
				3BB2C2321995969D002053CE /* TipCalculator */,
				3BB2C2441995969D002053CE /* TipCalculatorTests */,
			);
		};
/* End PBXProject section */

/* Begin PBXResourcesBuildPhase section */
		3BB2C2311995969D002053CE /* Resources */ = {
			isa = PBXResourcesBuildPhase;
			buildActionMask = 2147483647;
			files = (
				3BB2C23E1995969D002053CE /* Main.storyboard in Resources */,
				3BB2C2401995969D002053CE /* Images.xcassets in Resources */,
			);
			runOnlyForDeploymentPostprocessing = 0;
		};
		3BB2C2431995969D002053CE /* Resources */ = {
			isa = PBXResourcesBuildPhase;
			buildActionMask = 2147483647;
			files = (
			);
			runOnlyForDeploymentPostprocessing = 0;
		};
/* End PBXResourcesBuildPhase section */

/* Begin PBXSourcesBuildPhase section */
		3BB2C22F1995969D002053CE /* Sources */ = {
			isa = PBXSourcesBuildPhase;
			buildActionMask = 2147483647;
			files = (
				3BB2C2561995981B002053CE /* TipCalculatorModel.swift in Sources */,
				3BB2C23B1995969D002053CE /* ViewController.swift in Sources */,
				3BB2C2391995969D002053CE /* AppDelegate.swift in Sources */,
			);
			runOnlyForDeploymentPostprocessing = 0;
		};
		3BB2C2411995969D002053CE /* Sources */ = {
			isa = PBXSourcesBuildPhase;
			buildActionMask = 2147483647;
			files = (
				3BB2C24C1995969D002053CE /* TipCalculatorTests.swift in Sources */,
			);
			runOnlyForDeploymentPostprocessing = 0;
		};
/* End PBXSourcesBuildPhase section */

/* Begin PBXTargetDependency section */
		3BB2C2471995969D002053CE /* PBXTargetDependency */ = {
			isa = PBXTargetDependency;
			target = 3BB2C2321995969D002053CE /* TipCalculator */;
			targetProxy = 3BB2C2461995969D002053CE /* PBXContainerItemProxy */;
		};
/* End PBXTargetDependency section */

/* Begin PBXVariantGroup section */
		3BB2C23C1995969D002053CE /* Main.storyboard */ = {
			isa = PBXVariantGroup;
			children = (
				3BB2C23D1995969D002053CE /* Base */,
			);
			name = Main.storyboard;
			sourceTree = "<group>";
		};
/* End PBXVariantGroup section */

/* Begin XCBuildConfiguration section */
		3BB2C24D1995969D002053CE /* Debug */ = {
			isa = XCBuildConfiguration;
			buildSettings = {
				ALWAYS_SEARCH_USER_PATHS = NO;
				CLANG_CXX_LANGUAGE_STANDARD = "gnu++0x";
				CLANG_CXX_LIBRARY = "libc++";
				CLANG_ENABLE_MODULES = YES;
				CLANG_ENABLE_OBJC_ARC = YES;
				CLANG_WARN_BOOL_CONVERSION = YES;
				CLANG_WARN_CONSTANT_CONVERSION = YES;
				CLANG_WARN_DIRECT_OBJC_ISA_USAGE = YES_ERROR;
				CLANG_WARN_EMPTY_BODY = YES;
				CLANG_WARN_ENUM_CONVERSION = YES;
				CLANG_WARN_INT_CONVERSION = YES;
				CLANG_WARN_OBJC_ROOT_CLASS = YES_ERROR;
				CLANG_WARN_UNREACHABLE_CODE = YES;
				CLANG_WARN__DUPLICATE_METHOD_MATCH = YES;
				"CODE_SIGN_IDENTITY[sdk=iphoneos*]" = "iPhone Developer";
				COPY_PHASE_STRIP = NO;
				ENABLE_STRICT_OBJC_MSGSEND = YES;
				GCC_C_LANGUAGE_STANDARD = gnu99;
				GCC_DYNAMIC_NO_PIC = NO;
				GCC_OPTIMIZATION_LEVEL = 0;
				GCC_PREPROCESSOR_DEFINITIONS = (
					"DEBUG=1",
					"$(inherited)",
				);
				GCC_SYMBOLS_PRIVATE_EXTERN = NO;
				GCC_WARN_64_TO_32_BIT_CONVERSION = YES;
				GCC_WARN_ABOUT_RETURN_TYPE = YES_ERROR;
				GCC_WARN_UNDECLARED_SELECTOR = YES;
				GCC_WARN_UNINITIALIZED_AUTOS = YES_AGGRESSIVE;
				GCC_WARN_UNUSED_FUNCTION = YES;
				GCC_WARN_UNUSED_VARIABLE = YES;
				IPHONEOS_DEPLOYMENT_TARGET = 8.0;
				MTL_ENABLE_DEBUG_INFO = YES;
				ONLY_ACTIVE_ARCH = YES;
				SDKROOT = iphoneos;
				SWIFT_OPTIMIZATION_LEVEL = "-Onone";
			};
			name = Debug;
		};
		3BB2C24E1995969D002053CE /* Release */ = {
			isa = XCBuildConfiguration;
			buildSettings = {
				ALWAYS_SEARCH_USER_PATHS = NO;
				CLANG_CXX_LANGUAGE_STANDARD = "gnu++0x";
				CLANG_CXX_LIBRARY = "libc++";
				CLANG_ENABLE_MODULES = YES;
				CLANG_ENABLE_OBJC_ARC = YES;
				CLANG_WARN_BOOL_CONVERSION = YES;
				CLANG_WARN_CONSTANT_CONVERSION = YES;
				CLANG_WARN_DIRECT_OBJC_ISA_USAGE = YES_ERROR;
				CLANG_WARN_EMPTY_BODY = YES;
				CLANG_WARN_ENUM_CONVERSION = YES;
				CLANG_WARN_INT_CONVERSION = YES;
				CLANG_WARN_OBJC_ROOT_CLASS = YES_ERROR;
				CLANG_WARN_UNREACHABLE_CODE = YES;
				CLANG_WARN__DUPLICATE_METHOD_MATCH = YES;
				"CODE_SIGN_IDENTITY[sdk=iphoneos*]" = "iPhone Developer";
				COPY_PHASE_STRIP = YES;
				ENABLE_NS_ASSERTIONS = NO;
				ENABLE_STRICT_OBJC_MSGSEND = YES;
				GCC_C_LANGUAGE_STANDARD = gnu99;
				GCC_WARN_64_TO_32_BIT_CONVERSION = YES;
				GCC_WARN_ABOUT_RETURN_TYPE = YES_ERROR;
				GCC_WARN_UNDECLARED_SELECTOR = YES;
				GCC_WARN_UNINITIALIZED_AUTOS = YES_AGGRESSIVE;
				GCC_WARN_UNUSED_FUNCTION = YES;
				GCC_WARN_UNUSED_VARIABLE = YES;
				IPHONEOS_DEPLOYMENT_TARGET = 8.0;
				MTL_ENABLE_DEBUG_INFO = NO;
				SDKROOT = iphoneos;
				VALIDATE_PRODUCT = YES;
			};
			name = Release;
		};
		3BB2C2501995969D002053CE /* Debug */ = {
			isa = XCBuildConfiguration;
			buildSettings = {
				ASSETCATALOG_COMPILER_APPICON_NAME = AppIcon;
				ASSETCATALOG_COMPILER_LAUNCHIMAGE_NAME = LaunchImage;
				INFOPLIST_FILE = TipCalculator/Info.plist;
				IPHONEOS_DEPLOYMENT_TARGET = 8.0;
				LD_RUNPATH_SEARCH_PATHS = "$(inherited) @executable_path/Frameworks";
				PRODUCT_NAME = "$(TARGET_NAME)";
			};
			name = Debug;
		};
		3BB2C2511995969D002053CE /* Release */ = {
			isa = XCBuildConfiguration;
			buildSettings = {
				ASSETCATALOG_COMPILER_APPICON_NAME = AppIcon;
				ASSETCATALOG_COMPILER_LAUNCHIMAGE_NAME = LaunchImage;
				INFOPLIST_FILE = TipCalculator/Info.plist;
				IPHONEOS_DEPLOYMENT_TARGET = 8.0;
				LD_RUNPATH_SEARCH_PATHS = "$(inherited) @executable_path/Frameworks";
				PRODUCT_NAME = "$(TARGET_NAME)";
			};
			name = Release;
		};
		3BB2C2531995969D002053CE /* Debug */ = {
			isa = XCBuildConfiguration;
			buildSettings = {
				BUNDLE_LOADER = "$(BUILT_PRODUCTS_DIR)/TipCalculator.app/TipCalculator";
				FRAMEWORK_SEARCH_PATHS = (
					"$(SDKROOT)/Developer/Library/Frameworks",
					"$(inherited)",
				);
				GCC_PREPROCESSOR_DEFINITIONS = (
					"DEBUG=1",
					"$(inherited)",
				);
				INFOPLIST_FILE = TipCalculatorTests/Info.plist;
				LD_RUNPATH_SEARCH_PATHS = "$(inherited) @executable_path/Frameworks @loader_path/Frameworks";
				PRODUCT_NAME = "$(TARGET_NAME)";
				TEST_HOST = "$(BUNDLE_LOADER)";
			};
			name = Debug;
		};
		3BB2C2541995969D002053CE /* Release */ = {
			isa = XCBuildConfiguration;
			buildSettings = {
				BUNDLE_LOADER = "$(BUILT_PRODUCTS_DIR)/TipCalculator.app/TipCalculator";
				FRAMEWORK_SEARCH_PATHS = (
					"$(SDKROOT)/Developer/Library/Frameworks",
					"$(inherited)",
				);
				INFOPLIST_FILE = TipCalculatorTests/Info.plist;
				LD_RUNPATH_SEARCH_PATHS = "$(inherited) @executable_path/Frameworks @loader_path/Frameworks";
				PRODUCT_NAME = "$(TARGET_NAME)";
				TEST_HOST = "$(BUNDLE_LOADER)";
			};
			name = Release;
		};
/* End XCBuildConfiguration section */

/* Begin XCConfigurationList section */
		3BB2C22E1995969D002053CE /* Build configuration list for PBXProject "TipCalculator" */ = {
			isa = XCConfigurationList;
			buildConfigurations = (
				3BB2C24D1995969D002053CE /* Debug */,
				3BB2C24E1995969D002053CE /* Release */,
			);
			defaultConfigurationIsVisible = 0;
			defaultConfigurationName = Release;
		};
		3BB2C24F1995969D002053CE /* Build configuration list for PBXNativeTarget "TipCalculator" */ = {
			isa = XCConfigurationList;
			buildConfigurations = (
				3BB2C2501995969D002053CE /* Debug */,
				3BB2C2511995969D002053CE /* Release */,
			);
			defaultConfigurationIsVisible = 0;
		};
		3BB2C2521995969D002053CE /* Build configuration list for PBXNativeTarget "TipCalculatorTests" */ = {
			isa = XCConfigurationList;
			buildConfigurations = (
				3BB2C2531995969D002053CE /* Debug */,
				3BB2C2541995969D002053CE /* Release */,
			);
			defaultConfigurationIsVisible = 0;
		};
/* End XCConfigurationList section */
	};
	rootObject = 3BB2C22B1995969D002053CE /* Project object */;
}
